// !$*UTF8*$!
{
	archiveVersion = 1;
	classes = {
	};
	objectVersion = 48;
	objects = {

/* Begin PBXBuildFile section */
		C168C1051F993EA40063D0BA /* AppDelegate.swift in Sources */ = {isa = PBXBuildFile; fileRef = C168C1041F993EA40063D0BA /* AppDelegate.swift */; };
		C168C1071F993EA40063D0BA /* ViewController.swift in Sources */ = {isa = PBXBuildFile; fileRef = C168C1061F993EA40063D0BA /* ViewController.swift */; };
		C168C10A1F993EA40063D0BA /* Main.storyboard in Resources */ = {isa = PBXBuildFile; fileRef = C168C1081F993EA40063D0BA /* Main.storyboard */; };
		C168C10C1F993EA40063D0BA /* Assets.xcassets in Resources */ = {isa = PBXBuildFile; fileRef = C168C10B1F993EA40063D0BA /* Assets.xcassets */; };
		C168C10F1F993EA40063D0BA /* LaunchScreen.storyboard in Resources */ = {isa = PBXBuildFile; fileRef = C168C10D1F993EA40063D0BA /* LaunchScreen.storyboard */; };
		C168C1171F993EF50063D0BA /* DataManager.swift in Sources */ = {isa = PBXBuildFile; fileRef = C168C1161F993EF50063D0BA /* DataManager.swift */; };
/* End PBXBuildFile section */

/* Begin PBXFileReference section */
		C168C1011F993EA40063D0BA /* Spongebob Soundboard.app */ = {isa = PBXFileReference; explicitFileType = wrapper.application; includeInIndex = 0; path = "Spongebob Soundboard.app"; sourceTree = BUILT_PRODUCTS_DIR; };
		C168C1041F993EA40063D0BA /* AppDelegate.swift */ = {isa = PBXFileReference; lastKnownFileType = sourcecode.swift; path = AppDelegate.swift; sourceTree = "<group>"; };
		C168C1061F993EA40063D0BA /* ViewController.swift */ = {isa = PBXFileReference; lastKnownFileType = sourcecode.swift; path = ViewController.swift; sourceTree = "<group>"; };
		C168C1091F993EA40063D0BA /* Base */ = {isa = PBXFileReference; lastKnownFileType = file.storyboard; name = Base; path = Base.lproj/Main.storyboard; sourceTree = "<group>"; };
		C168C10B1F993EA40063D0BA /* Assets.xcassets */ = {isa = PBXFileReference; lastKnownFileType = folder.assetcatalog; path = Assets.xcassets; sourceTree = "<group>"; };
		C168C10E1F993EA40063D0BA /* Base */ = {isa = PBXFileReference; lastKnownFileType = file.storyboard; name = Base; path = Base.lproj/LaunchScreen.storyboard; sourceTree = "<group>"; };
		C168C1101F993EA40063D0BA /* Info.plist */ = {isa = PBXFileReference; lastKnownFileType = text.plist.xml; path = Info.plist; sourceTree = "<group>"; };
		C168C1161F993EF50063D0BA /* DataManager.swift */ = {isa = PBXFileReference; lastKnownFileType = sourcecode.swift; path = DataManager.swift; sourceTree = "<group>"; };
/* End PBXFileReference section */

/* Begin PBXFrameworksBuildPhase section */
		C168C0FE1F993EA40063D0BA /* Frameworks */ = {
			isa = PBXFrameworksBuildPhase;
			buildActionMask = 2147483647;
			files = (
			);
			runOnlyForDeploymentPostprocessing = 0;
		};
/* End PBXFrameworksBuildPhase section */

/* Begin PBXGroup section */
		C168C0F81F993EA40063D0BA = {
			isa = PBXGroup;
			children = (
				C168C1031F993EA40063D0BA /* Spongebob Soundboard */,
				C168C1021F993EA40063D0BA /* Products */,
			);
			sourceTree = "<group>";
		};
		C168C1021F993EA40063D0BA /* Products */ = {
			isa = PBXGroup;
			children = (
				C168C1011F993EA40063D0BA /* Spongebob Soundboard.app */,
			);
			name = Products;
			sourceTree = "<group>";
		};
		C168C1031F993EA40063D0BA /* Spongebob Soundboard */ = {
			isa = PBXGroup;
			children = (
				C168C1041F993EA40063D0BA /* AppDelegate.swift */,
				C168C1061F993EA40063D0BA /* ViewController.swift */,
				C168C1161F993EF50063D0BA /* DataManager.swift */,
				C168C1081F993EA40063D0BA /* Main.storyboard */,
				C168C10B1F993EA40063D0BA /* Assets.xcassets */,
				C168C10D1F993EA40063D0BA /* LaunchScreen.storyboard */,
				C168C1101F993EA40063D0BA /* Info.plist */,
			);
			path = "Spongebob Soundboard";
			sourceTree = "<group>";
		};
/* End PBXGroup section */

/* Begin PBXNativeTarget section */
		C168C1001F993EA40063D0BA /* Spongebob Soundboard */ = {
			isa = PBXNativeTarget;
			buildConfigurationList = C168C1131F993EA40063D0BA /* Build configuration list for PBXNativeTarget "Spongebob Soundboard" */;
			buildPhases = (
				C168C0FD1F993EA40063D0BA /* Sources */,
				C168C0FE1F993EA40063D0BA /* Frameworks */,
				C168C0FF1F993EA40063D0BA /* Resources */,
			);
			buildRules = (
			);
			dependencies = (
			);
			name = "Spongebob Soundboard";
			productName = "Spongebob Soundboard";
			productReference = C168C1011F993EA40063D0BA /* Spongebob Soundboard.app */;
			productType = "com.apple.product-type.application";
		};
/* End PBXNativeTarget section */

/* Begin PBXProject section */
		C168C0F91F993EA40063D0BA /* Project object */ = {
			isa = PBXProject;
			attributes = {
				LastSwiftUpdateCheck = 0900;
				LastUpgradeCheck = 0900;
				ORGANIZATIONNAME = "Harsha Goli";
				TargetAttributes = {
					C168C1001F993EA40063D0BA = {
						CreatedOnToolsVersion = 9.0;
						ProvisioningStyle = Automatic;
					};
				};
			};
			buildConfigurationList = C168C0FC1F993EA40063D0BA /* Build configuration list for PBXProject "Spongebob Soundboard" */;
			compatibilityVersion = "Xcode 8.0";
			developmentRegion = en;
			hasScannedForEncodings = 0;
			knownRegions = (
				en,
				Base,
			);
			mainGroup = C168C0F81F993EA40063D0BA;
			productRefGroup = C168C1021F993EA40063D0BA /* Products */;
			projectDirPath = "";
			projectRoot = "";
			targets = (
				C168C1001F993EA40063D0BA /* Spongebob Soundboard */,
			);
		};
/* End PBXProject section */

/* Begin PBXResourcesBuildPhase section */
		C168C0FF1F993EA40063D0BA /* Resources */ = {
			isa = PBXResourcesBuildPhase;
			buildActionMask = 2147483647;
			files = (
				C168C10F1F993EA40063D0BA /* LaunchScreen.storyboard in Resources */,
				C168C10C1F993EA40063D0BA /* Assets.xcassets in Resources */,
				C168C10A1F993EA40063D0BA /* Main.storyboard in Resources */,
			);
			runOnlyForDeploymentPostprocessing = 0;
		};
/* End PBXResourcesBuildPhase section */

/* Begin PBXSourcesBuildPhase section */
		C168C0FD1F993EA40063D0BA /* Sources */ = {
			isa = PBXSourcesBuildPhase;
			buildActionMask = 2147483647;
			files = (
				C168C1071F993EA40063D0BA /* ViewController.swift in Sources */,
				C168C1171F993EF50063D0BA /* DataManager.swift in Sources */,
				C168C1051F993EA40063D0BA /* AppDelegate.swift in Sources */,
			);
			runOnlyForDeploymentPostprocessing = 0;
		};
/* End PBXSourcesBuildPhase section */

/* Begin PBXVariantGroup section */
		C168C1081F993EA40063D0BA /* Main.storyboard */ = {
			isa = PBXVariantGroup;
			children = (
				C168C1091F993EA40063D0BA /* Base */,
			);
			name = Main.storyboard;
			sourceTree = "<group>";
		};
		C168C10D1F993EA40063D0BA /* LaunchScreen.storyboard */ = {
			isa = PBXVariantGroup;
			children = (
				C168C10E1F993EA40063D0BA /* Base */,
			);
			name = LaunchScreen.storyboard;
			sourceTree = "<group>";
		};
/* End PBXVariantGroup section */

/* Begin XCBuildConfiguration section */
		C168C1111F993EA40063D0BA /* Debug */ = {
			isa = XCBuildConfiguration;
			buildSettings = {
				ALWAYS_SEARCH_USER_PATHS = NO;
				CLANG_ANALYZER_NONNULL = YES;
				CLANG_ANALYZER_NUMBER_OBJECT_CONVERSION = YES_AGGRESSIVE;
				CLANG_CXX_LANGUAGE_STANDARD = "gnu++14";
				CLANG_CXX_LIBRARY = "libc++";
				CLANG_ENABLE_MODULES = YES;
				CLANG_ENABLE_OBJC_ARC = YES;
				CLANG_WARN_BLOCK_CAPTURE_AUTORELEASING = YES;
				CLANG_WARN_BOOL_CONVERSION = YES;
				CLANG_WARN_COMMA = YES;
				CLANG_WARN_CONSTANT_CONVERSION = YES;
				CLANG_WARN_DIRECT_OBJC_ISA_USAGE = YES_ERROR;
				CLANG_WARN_DOCUMENTATION_COMMENTS = YES;
				CLANG_WARN_EMPTY_BODY = YES;
				CLANG_WARN_ENUM_CONVERSION = YES;
				CLANG_WARN_INFINITE_RECURSION = YES;
				CLANG_WARN_INT_CONVERSION = YES;
				CLANG_WARN_NON_LITERAL_NULL_CONVERSION = YES;
				CLANG_WARN_OBJC_LITERAL_CONVERSION = YES;
				CLANG_WARN_OBJC_ROOT_CLASS = YES_ERROR;
				CLANG_WARN_RANGE_LOOP_ANALYSIS = YES;
				CLANG_WARN_STRICT_PROTOTYPES = YES;
				CLANG_WARN_SUSPICIOUS_MOVE = YES;
				CLANG_WARN_UNGUARDED_AVAILABILITY = YES_AGGRESSIVE;
				CLANG_WARN_UNREACHABLE_CODE = YES;
				CLANG_WARN__DUPLICATE_METHOD_MATCH = YES;
				CODE_SIGN_IDENTITY = "iPhone Developer";
				COPY_PHASE_STRIP = NO;
				DEBUG_INFORMATION_FORMAT = dwarf;
				ENABLE_STRICT_OBJC_MSGSEND = YES;
				ENABLE_TESTABILITY = YES;
				GCC_C_LANGUAGE_STANDARD = gnu11;
				GCC_DYNAMIC_NO_PIC = NO;
				GCC_NO_COMMON_BLOCKS = YES;
				GCC_OPTIMIZATION_LEVEL = 0;
				GCC_PREPROCESSOR_DEFINITIONS = (
					"DEBUG=1",
					"$(inherited)",
				);
				GCC_WARN_64_TO_32_BIT_CONVERSION = YES;
				GCC_WARN_ABOUT_RETURN_TYPE = YES_ERROR;
				GCC_WARN_UNDECLARED_SELECTOR = YES;
				GCC_WARN_UNINITIALIZED_AUTOS = YES_AGGRESSIVE;
				GCC_WARN_UNUSED_FUNCTION = YES;
				GCC_WARN_UNUSED_VARIABLE = YES;
				IPHONEOS_DEPLOYMENT_TARGET = 11.0;
				MTL_ENABLE_DEBUG_INFO = YES;
				ONLY_ACTIVE_ARCH = YES;
				SDKROOT = iphoneos;
				SWIFT_ACTIVE_COMPILATION_CONDITIONS = DEBUG;
				SWIFT_OPTIMIZATION_LEVEL = "-Onone";
			};
			name = Debug;
		};
		C168C1121F993EA40063D0BA /* Release */ = {
			isa = XCBuildConfiguration;
			buildSettings = {
				ALWAYS_SEARCH_USER_PATHS = NO;
				CLANG_ANALYZER_NONNULL = YES;
				CLANG_ANALYZER_NUMBER_OBJECT_CONVERSION = YES_AGGRESSIVE;
				CLANG_CXX_LANGUAGE_STANDARD = "gnu++14";
				CLANG_CXX_LIBRARY = "libc++";
				CLANG_ENABLE_MODULES = YES;
				CLANG_ENABLE_OBJC_ARC = YES;
				CLANG_WARN_BLOCK_CAPTURE_AUTORELEASING = YES;
				CLANG_WARN_BOOL_CONVERSION = YES;
				CLANG_WARN_COMMA = YES;
				CLANG_WARN_CONSTANT_CONVERSION = YES;
				CLANG_WARN_DIRECT_OBJC_ISA_USAGE = YES_ERROR;
				CLANG_WARN_DOCUMENTATION_COMMENTS = YES;
				CLANG_WARN_EMPTY_BODY = YES;
				CLANG_WARN_ENUM_CONVERSION = YES;
				CLANG_WARN_INFINITE_RECURSION = YES;
				CLANG_WARN_INT_CONVERSION = YES;
				CLANG_WARN_NON_LITERAL_NULL_CONVERSION = YES;
				CLANG_WARN_OBJC_LITERAL_CONVERSION = YES;
				CLANG_WARN_OBJC_ROOT_CLASS = YES_ERROR;
				CLANG_WARN_RANGE_LOOP_ANALYSIS = YES;
				CLANG_WARN_STRICT_PROTOTYPES = YES;
				CLANG_WARN_SUSPICIOUS_MOVE = YES;
				CLANG_WARN_UNGUARDED_AVAILABILITY = YES_AGGRESSIVE;
				CLANG_WARN_UNREACHABLE_CODE = YES;
				CLANG_WARN__DUPLICATE_METHOD_MATCH = YES;
				CODE_SIGN_IDENTITY = "iPhone Developer";
				COPY_PHASE_STRIP = NO;
				DEBUG_INFORMATION_FORMAT = "dwarf-with-dsym";
				ENABLE_NS_ASSERTIONS = NO;
				ENABLE_STRICT_OBJC_MSGSEND = YES;
				GCC_C_LANGUAGE_STANDARD = gnu11;
				GCC_NO_COMMON_BLOCKS = YES;
				GCC_WARN_64_TO_32_BIT_CONVERSION = YES;
				GCC_WARN_ABOUT_RETURN_TYPE = YES_ERROR;
				GCC_WARN_UNDECLARED_SELECTOR = YES;
				GCC_WARN_UNINITIALIZED_AUTOS = YES_AGGRESSIVE;
				GCC_WARN_UNUSED_FUNCTION = YES;
				GCC_WARN_UNUSED_VARIABLE = YES;
				IPHONEOS_DEPLOYMENT_TARGET = 11.0;
				MTL_ENABLE_DEBUG_INFO = NO;
				SDKROOT = iphoneos;
				SWIFT_OPTIMIZATION_LEVEL = "-Owholemodule";
				VALIDATE_PRODUCT = YES;
			};
			name = Release;
		};
		C168C1141F993EA40063D0BA /* Debug */ = {
			isa = XCBuildConfiguration;
			buildSettings = {
				ASSETCATALOG_COMPILER_APPICON_NAME = AppIcon;
				CODE_SIGN_STYLE = Automatic;
				INFOPLIST_FILE = "Spongebob Soundboard/Info.plist";
				LD_RUNPATH_SEARCH_PATHS = "$(inherited) @executable_path/Frameworks";
				PRODUCT_BUNDLE_IDENTIFIER = "com.harsha.Spongebob-Soundboard";
				PRODUCT_NAME = "$(TARGET_NAME)";
				SWIFT_VERSION = 4.0;
				TARGETED_DEVICE_FAMILY = "1,2";
			};
			name = Debug;
		};
		C168C1151F993EA40063D0BA /* Release */ = {
			isa = XCBuildConfiguration;
			buildSettings = {
				ASSETCATALOG_COMPILER_APPICON_NAME = AppIcon;
				CODE_SIGN_STYLE = Automatic;
				INFOPLIST_FILE = "Spongebob Soundboard/Info.plist";
				LD_RUNPATH_SEARCH_PATHS = "$(inherited) @executable_path/Frameworks";
				PRODUCT_BUNDLE_IDENTIFIER = "com.harsha.Spongebob-Soundboard";
				PRODUCT_NAME = "$(TARGET_NAME)";
				SWIFT_VERSION = 4.0;
				TARGETED_DEVICE_FAMILY = "1,2";
			};
			name = Release;
		};
/* End XCBuildConfiguration section */

/* Begin XCConfigurationList section */
		C168C0FC1F993EA40063D0BA /* Build configuration list for PBXProject "Spongebob Soundboard" */ = {
			isa = XCConfigurationList;
			buildConfigurations = (
				C168C1111F993EA40063D0BA /* Debug */,
				C168C1121F993EA40063D0BA /* Release */,
			);
			defaultConfigurationIsVisible = 0;
			defaultConfigurationName = Release;
		};
		C168C1131F993EA40063D0BA /* Build configuration list for PBXNativeTarget "Spongebob Soundboard" */ = {
			isa = XCConfigurationList;
			buildConfigurations = (
				C168C1141F993EA40063D0BA /* Debug */,
				C168C1151F993EA40063D0BA /* Release */,
			);
			defaultConfigurationIsVisible = 0;
			defaultConfigurationName = Release;
		};
/* End XCConfigurationList section */
	};
	rootObject = C168C0F91F993EA40063D0BA /* Project object */;
}
